<?xml version="1.0" encoding="utf-8"?>
<Project ToolsVersion="4.0" xmlns="http://schemas.microsoft.com/developer/msbuild/2003">
  <ItemGroup>
    <Filter Include="Source Files">
      <UniqueIdentifier>{4FC737F1-C7A5-4376-A066-2A32D752A2FF}</UniqueIdentifier>
      <Extensions>cpp;c;cc;cxx;c++;cppm;ixx;def;odl;idl;hpj;bat;asm;asmx</Extensions>
    </Filter>
    <Filter Include="Header Files">
      <UniqueIdentifier>{93995380-89BD-4b04-88EB-625FBE52EBFB}</UniqueIdentifier>
      <Extensions>h;hh;hpp;hxx;h++;hm;inl;inc;ipp;xsd</Extensions>
    </Filter>
    <Filter Include="Resource Files">
      <UniqueIdentifier>{67DA6AB6-F800-4c08-8B7A-83BB121AAD01}</UniqueIdentifier>
      <Extensions>rc;ico;cur;bmp;dlg;rc2;rct;bin;rgs;gif;jpg;jpeg;jpe;resx;tiff;tif;png;wav;mfcribbon-ms</Extensions>
    </Filter>
    <Filter Include="Backend">
      <UniqueIdentifier>{9dcc79ef-b186-44e7-b296-617ce37ab37c}</UniqueIdentifier>
    </Filter>
    <Filter Include="Backend\Component">
      <UniqueIdentifier>{9b6507d5-26aa-4e56-b5e1-d319f68deda6}</UniqueIdentifier>
    </Filter>
    <Filter Include="Backend\Shop">
      <UniqueIdentifier>{baa23238-2779-4246-b73f-07a0aa09ba5f}</UniqueIdentifier>
    </Filter>
    <Filter Include="Frontend">
      <UniqueIdentifier>{c1728e52-9894-4c80-9725-522e4ed00029}</UniqueIdentifier>
    </Filter>
    <Filter Include="Frontend\CLI">
      <UniqueIdentifier>{e61c0a7c-c2ea-40e4-8704-66d8fe727c8d}</UniqueIdentifier>
    </Filter>
    <Filter Include="Backend\CLIController">
      <UniqueIdentifier>{bade4087-844b-4e2a-a87e-4ad8b9391287}</UniqueIdentifier>
    </Filter>
    <Filter Include="Backend\File Handler">
      <UniqueIdentifier>{c9fa9010-e9ec-46bc-a28c-9b95baec6774}</UniqueIdentifier>
    </Filter>
  </ItemGroup>
  <ItemGroup>
    <ClCompile Include="main.cpp">
      <Filter>Source Files</Filter>
    </ClCompile>
    <ClCompile Include="Component.cpp">
      <Filter>Backend\Component</Filter>
    </ClCompile>
    <ClCompile Include="Shop.cpp">
      <Filter>Backend\Shop</Filter>
    </ClCompile>
    <ClCompile Include="CLIApp.cpp">
      <Filter>Frontend\CLI</Filter>
    </ClCompile>
    <ClCompile Include="CLIController.cpp">
      <Filter>Backend\CLIController</Filter>
    </ClCompile>
    <ClCompile Include="FileHandler.cpp">
      <Filter>Backend\File Handler</Filter>
    </ClCompile>
  </ItemGroup>
  <ItemGroup>
    <ClInclude Include="Component.h">
      <Filter>Backend\Component</Filter>
    </ClInclude>
    <ClInclude Include="Shop.h">
      <Filter>Backend\Shop</Filter>
    </ClInclude>
    <ClInclude Include="CLIApp.h">
      <Filter>Frontend\CLI</Filter>
    </ClInclude>
    <ClInclude Include="CLIController.h">
      <Filter>Backend\CLIController</Filter>
    </ClInclude>
    <ClInclude Include="FileHandler.h">
      <Filter>Backend\File Handler</Filter>
    </ClInclude>
  </ItemGroup>
  <ItemGroup>
    <Text Include="err_codes.txt">
      <Filter>Resource Files</Filter>
    </Text>
  </ItemGroup>
</Project>